
Microsoft Visual Studio Solution File, Format Version 12.00
# Visual Studio Version 16
VisualStudioVersion = 16.0.31515.178
MinimumVisualStudioVersion = 10.0.40219.1
Project("{F184B08F-C81C-45F6-A57F-5ABD9991F28F}") = "testCripto", "testCripto\testCripto.vbproj", "{08912EF8-FD48-4FD5-92A1-863846D05892}"
EndProject
Project("{2150E333-8FDC-42A3-9474-1A3956D46DE8}") = "Solution Items", "Solution Items", "{858CB513-B904-43F4-8157-B7D6E5D71BC7}"
EndProject
Global
	GlobalSection(SolutionConfigurationPlatforms) = preSolution
		Debug|Any CPU = Debug|Any CPU
		Release|Any CPU = Release|Any CPU
	EndGlobalSection
	GlobalSection(ProjectConfigurationPlatforms) = postSolution
		{08912EF8-FD48-4FD5-92A1-863846D05892}.Debug|Any CPU.ActiveCfg = Debug|Any CPU
		{08912EF8-FD48-4FD5-92A1-863846D05892}.Debug|Any CPU.Build.0 = Debug|Any CPU
		{08912EF8-FD48-4FD5-92A1-863846D05892}.Release|Any CPU.ActiveCfg = Release|Any CPU
		{08912EF8-FD48-4FD5-92A1-863846D05892}.Release|Any CPU.Build.0 = Release|Any CPU
	EndGlobalSection
	GlobalSection(SolutionProperties) = preSolution
		HideSolutionNode = FALSE
	EndGlobalSection
	GlobalSection(ExtensibilityGlobals) = postSolution
		SolutionGuid = {2A413CAF-8428-4BAC-81C9-606413077F5C}
	EndGlobalSection
EndGlobal
